
Microsoft Visual Studio Solution File, Format Version 12.00
# Visual Studio Version 16
VisualStudioVersion = 16.0.29609.76
MinimumVisualStudioVersion = 10.0.40219.1
Project("{FAE04EC0-301F-11D3-BF4B-00C04F79EFBC}") = "Gear_Score_New_name", "Gear_Score_New_name\Gear_Score_New_name.csproj", "{14327E36-7528-479C-9D13-56F73D8D80FA}"
EndProject
Global
	GlobalSection(SolutionConfigurationPlatforms) = preSolution
		Debug|Any CPU = Debug|Any CPU
		Release|Any CPU = Release|Any CPU
	EndGlobalSection
	GlobalSection(ProjectConfigurationPlatforms) = postSolution
		{14327E36-7528-479C-9D13-56F73D8D80FA}.Debug|Any CPU.ActiveCfg = Debug|Any CPU
		{14327E36-7528-479C-9D13-56F73D8D80FA}.Debug|Any CPU.Build.0 = Debug|Any CPU
		{14327E36-7528-479C-9D13-56F73D8D80FA}.Release|Any CPU.ActiveCfg = Release|Any CPU
		{14327E36-7528-479C-9D13-56F73D8D80FA}.Release|Any CPU.Build.0 = Release|Any CPU
	EndGlobalSection
	GlobalSection(SolutionProperties) = preSolution
		HideSolutionNode = FALSE
	EndGlobalSection
	GlobalSection(ExtensibilityGlobals) = postSolution
		SolutionGuid = {E805C779-B12E-4115-A15C-87E8F7D5BE14}
	EndGlobalSection
EndGlobal
